<?xml version="1.0" encoding="utf-8"?>
<Project ToolsVersion="4.0" xmlns="http://schemas.microsoft.com/developer/msbuild/2003">
  <ItemGroup>
    <ClCompile Include="App.cpp">
      <Filter>Source Files</Filter>
    </ClCompile>
    <ClCompile Include="main.cpp">
      <Filter>Source Files</Filter>
    </ClCompile>
    <ClCompile Include="jsoncpp\json_reader.cpp">
      <Filter>Source Files\jsoncpp</Filter>
    </ClCompile>
    <ClCompile Include="jsoncpp\json_value.cpp">
      <Filter>Source Files\jsoncpp</Filter>
    </ClCompile>
    <ClCompile Include="jsoncpp\json_writer.cpp">
      <Filter>Source Files\jsoncpp</Filter>
    </ClCompile>
    <ClCompile Include="UTF8Model.cpp">
      <Filter>Source Files</Filter>
    </ClCompile>
    <ClCompile Include="JsonUtils.cpp">
      <Filter>Source Files</Filter>
    </ClCompile>
    <ClCompile Include="WSSScene.cpp">
      <Filter>Source Files</Filter>
    </ClCompile>
    <ClCompile Include="Framebuffer.cpp">
      <Filter>Source Files</Filter>
    </ClCompile>
    <ClCompile Include="Picker.cpp">
      <Filter>Source Files</Filter>
    </ClCompile>
    <ClCompile Include="Model.cpp">
      <Filter>Source Files</Filter>
    </ClCompile>
    <ClCompile Include="Scene.cpp">
      <Filter>Source Files</Filter>
    </ClCompile>
    <ClCompile Include="ColorPanel.cpp">
      <Filter>Source Files</Filter>
    </ClCompile>
    <ClCompile Include="ComponentPanel.cpp" />
  </ItemGroup>
  <ItemGroup>
    <Filter Include="Source Files">
      <UniqueIdentifier>{fab14c4a-10fc-48d9-85b0-25ad92422766}</UniqueIdentifier>
    </Filter>
    <Filter Include="Resource Files">
      <UniqueIdentifier>{404a6b29-3b7a-481b-a300-101e22ebd05c}</UniqueIdentifier>
    </Filter>
    <Filter Include="Header Files">
      <UniqueIdentifier>{0ee90671-0744-4613-9c2c-644cb66480c2}</UniqueIdentifier>
    </Filter>
    <Filter Include="Resource Files\GLSL">
      <UniqueIdentifier>{1ba721bb-26d9-48cd-a02f-677b7a9d2507}</UniqueIdentifier>
    </Filter>
    <Filter Include="Source Files\jsoncpp">
      <UniqueIdentifier>{62dfa220-fbdb-471a-8796-96851fc7f78f}</UniqueIdentifier>
    </Filter>
  </ItemGroup>
  <ItemGroup>
    <ClInclude Include="App.h">
      <Filter>Header Files</Filter>
    </ClInclude>
    <ClInclude Include="UTF8Model.h">
      <Filter>Header Files</Filter>
    </ClInclude>
    <ClInclude Include="JsonUtils.h">
      <Filter>Header Files</Filter>
    </ClInclude>
    <ClInclude Include="WSSScene.h">
      <Filter>Header Files</Filter>
    </ClInclude>
    <ClInclude Include="Framebuffer.h">
      <Filter>Header Files</Filter>
    </ClInclude>
    <ClInclude Include="Picker.h">
      <Filter>Header Files</Filter>
    </ClInclude>
    <ClInclude Include="FLTKUtils.h">
      <Filter>Header Files</Filter>
    </ClInclude>
    <ClInclude Include="Model.h">
      <Filter>Header Files</Filter>
    </ClInclude>
    <ClInclude Include="Scene.h">
      <Filter>Header Files</Filter>
    </ClInclude>
    <ClInclude Include="RenderOptions.h">
      <Filter>Header Files</Filter>
    </ClInclude>
    <ClInclude Include="ColorPanel.h">
      <Filter>Header Files</Filter>
    </ClInclude>
    <ClInclude Include="ComponentPanel.h" />
  </ItemGroup>
  <ItemGroup>
    <None Include="Parameters.txt">
      <Filter>Resource Files</Filter>
    </None>
    <None Include="GLSL\Shaded.frag">
      <Filter>Resource Files\GLSL</Filter>
    </None>
    <None Include="GLSL\Shaded.vert">
      <Filter>Resource Files\GLSL</Filter>
    </None>
    <None Include="GLSL\Flat.frag">
      <Filter>Resource Files\GLSL</Filter>
    </None>
    <None Include="GLSL\Flat.vert">
      <Filter>Resource Files\GLSL</Filter>
    </None>
    <None Include="GLSL\Picking.vert">
      <Filter>Resource Files\GLSL</Filter>
    </None>
    <None Include="GLSL\Picking.frag">
      <Filter>Resource Files\GLSL</Filter>
    </None>
  </ItemGroup>
</Project>