<?xml version="1.0" encoding="utf-8"?>
<Project ToolsVersion="4.0" xmlns="http://schemas.microsoft.com/developer/msbuild/2003">
  <ItemGroup>
    <Filter Include="Source Files">
      <UniqueIdentifier>{4FC737F1-C7A5-4376-A066-2A32D752A2FF}</UniqueIdentifier>
      <Extensions>cpp;c;cc;cxx;def;odl;idl;hpj;bat;asm;asmx</Extensions>
    </Filter>
    <Filter Include="Header Files">
      <UniqueIdentifier>{93995380-89BD-4b04-88EB-625FBE52EBFB}</UniqueIdentifier>
      <Extensions>h;hpp;hxx;hm;inl;inc;xsd</Extensions>
    </Filter>
    <Filter Include="Resource Files">
      <UniqueIdentifier>{67DA6AB6-F800-4c08-8B7A-83BB121AAD01}</UniqueIdentifier>
      <Extensions>rc;ico;cur;bmp;dlg;rc2;rct;bin;rgs;gif;jpg;jpeg;jpe;resx;tiff;tif;png;wav;mfcribbon-ms</Extensions>
    </Filter>
    <Filter Include="Source Files\jsoncpp">
      <UniqueIdentifier>{9c94a6bf-a43d-4127-926d-41a9049623c6}</UniqueIdentifier>
    </Filter>
    <Filter Include="Resource Files\GLSL">
      <UniqueIdentifier>{dd5d6094-5cd1-402a-abaa-e038f4313b79}</UniqueIdentifier>
    </Filter>
    <Filter Include="Source Files\densecrf">
      <UniqueIdentifier>{e9cee093-de37-4f4c-972d-ac10f8862554}</UniqueIdentifier>
    </Filter>
  </ItemGroup>
  <ItemGroup>
    <ClCompile Include="main.cpp">
      <Filter>Source Files</Filter>
    </ClCompile>
    <ClCompile Include="App.cpp">
      <Filter>Source Files</Filter>
    </ClCompile>
    <ClCompile Include="jsoncpp\json_writer.cpp">
      <Filter>Source Files\jsoncpp</Filter>
    </ClCompile>
    <ClCompile Include="jsoncpp\json_reader.cpp">
      <Filter>Source Files\jsoncpp</Filter>
    </ClCompile>
    <ClCompile Include="jsoncpp\json_value.cpp">
      <Filter>Source Files\jsoncpp</Filter>
    </ClCompile>
    <ClCompile Include="UTF8Model.cpp">
      <Filter>Source Files</Filter>
    </ClCompile>
    <ClCompile Include="densecrf\bipartitedensecrf.cpp">
      <Filter>Source Files\densecrf</Filter>
    </ClCompile>
    <ClCompile Include="densecrf\densecrf.cpp">
      <Filter>Source Files\densecrf</Filter>
    </ClCompile>
    <ClCompile Include="densecrf\filter.cpp">
      <Filter>Source Files\densecrf</Filter>
    </ClCompile>
    <ClCompile Include="densecrf\permutohedral.cpp">
      <Filter>Source Files\densecrf</Filter>
    </ClCompile>
    <ClCompile Include="densecrf\util.cpp">
      <Filter>Source Files\densecrf</Filter>
    </ClCompile>
  </ItemGroup>
  <ItemGroup>
    <None Include="Parameters.txt">
      <Filter>Resource Files</Filter>
    </None>
    <None Include="GLSL\MatIDColor.frag">
      <Filter>Resource Files\GLSL</Filter>
    </None>
    <None Include="GLSL\MatIDColor.vert">
      <Filter>Resource Files\GLSL</Filter>
    </None>
  </ItemGroup>
  <ItemGroup>
    <ClInclude Include="App.h">
      <Filter>Header Files</Filter>
    </ClInclude>
    <ClInclude Include="UTF8Model.h">
      <Filter>Header Files</Filter>
    </ClInclude>
  </ItemGroup>
</Project>